
Microsoft Visual Studio Solution File, Format Version 12.00
# Visual Studio 14
VisualStudioVersion = 14.0.25420.1
MinimumVisualStudioVersion = 10.0.40219.1
Project("{FAE04EC0-301F-11D3-BF4B-00C04F79EFBC}") = "userTracker", "userTracker\userTracker.csproj", "{B450A29E-87E0-4C5C-A513-6F9C7DB74B1B}"
EndProject
Global
	GlobalSection(SolutionConfigurationPlatforms) = preSolution
		Debug|Any CPU = Debug|Any CPU
		Release|Any CPU = Release|Any CPU
	EndGlobalSection
	GlobalSection(ProjectConfigurationPlatforms) = postSolution
		{B450A29E-87E0-4C5C-A513-6F9C7DB74B1B}.Debug|Any CPU.ActiveCfg = Debug|Any CPU
		{B450A29E-87E0-4C5C-A513-6F9C7DB74B1B}.Debug|Any CPU.Build.0 = Debug|Any CPU
		{B450A29E-87E0-4C5C-A513-6F9C7DB74B1B}.Release|Any CPU.ActiveCfg = Release|Any CPU
		{B450A29E-87E0-4C5C-A513-6F9C7DB74B1B}.Release|Any CPU.Build.0 = Release|Any CPU
	EndGlobalSection
	GlobalSection(SolutionProperties) = preSolution
		HideSolutionNode = FALSE
	EndGlobalSection
EndGlobal
